
Microsoft Visual Studio Solution File, Format Version 12.00
# Visual Studio Version 16
VisualStudioVersion = 16.0.29424.173
MinimumVisualStudioVersion = 10.0.40219.1
Project("{8BC9CEB8-8B4A-11D0-8D11-00A0C91BC942}") = "OpenGLCourseApp", "OpenGLCourseApp.vcxproj", "{212DF68A-C468-4C3F-AA05-3BF470A817CE}"
EndProject
Global
	GlobalSection(SolutionConfigurationPlatforms) = preSolution
		Debug|x64 = Debug|x64
		Debug|x86 = Debug|x86
		Release|x64 = Release|x64
		Release|x86 = Release|x86
	EndGlobalSection
	GlobalSection(ProjectConfigurationPlatforms) = postSolution
		{212DF68A-C468-4C3F-AA05-3BF470A817CE}.Debug|x64.ActiveCfg = Debug|x64
		{212DF68A-C468-4C3F-AA05-3BF470A817CE}.Debug|x64.Build.0 = Debug|x64
		{212DF68A-C468-4C3F-AA05-3BF470A817CE}.Debug|x86.ActiveCfg = Debug|Win32
		{212DF68A-C468-4C3F-AA05-3BF470A817CE}.Debug|x86.Build.0 = Debug|Win32
		{212DF68A-C468-4C3F-AA05-3BF470A817CE}.Release|x64.ActiveCfg = Release|x64
		{212DF68A-C468-4C3F-AA05-3BF470A817CE}.Release|x64.Build.0 = Release|x64
		{212DF68A-C468-4C3F-AA05-3BF470A817CE}.Release|x86.ActiveCfg = Release|Win32
		{212DF68A-C468-4C3F-AA05-3BF470A817CE}.Release|x86.Build.0 = Release|Win32
	EndGlobalSection
	GlobalSection(SolutionProperties) = preSolution
		HideSolutionNode = FALSE
	EndGlobalSection
	GlobalSection(ExtensibilityGlobals) = postSolution
		SolutionGuid = {31489254-462B-4EB6-AC22-0FE96B43D91F}
	EndGlobalSection
EndGlobal
